
Microsoft Visual Studio Solution File, Format Version 12.00
# Visual Studio 15
VisualStudioVersion = 15.0.28010.2050
MinimumVisualStudioVersion = 10.0.40219.1
Project("{FAE04EC0-301F-11D3-BF4B-00C04F79EFBC}") = "GameOfThronesJSON", "GameOfThronesJSON\GameOfThronesJSON.csproj", "{25000193-9FCD-44F1-AA03-7BC65799139E}"
EndProject
Global
	GlobalSection(SolutionConfigurationPlatforms) = preSolution
		Debug|Any CPU = Debug|Any CPU
		Release|Any CPU = Release|Any CPU
	EndGlobalSection
	GlobalSection(ProjectConfigurationPlatforms) = postSolution
		{25000193-9FCD-44F1-AA03-7BC65799139E}.Debug|Any CPU.ActiveCfg = Debug|Any CPU
		{25000193-9FCD-44F1-AA03-7BC65799139E}.Debug|Any CPU.Build.0 = Debug|Any CPU
		{25000193-9FCD-44F1-AA03-7BC65799139E}.Release|Any CPU.ActiveCfg = Release|Any CPU
		{25000193-9FCD-44F1-AA03-7BC65799139E}.Release|Any CPU.Build.0 = Release|Any CPU
	EndGlobalSection
	GlobalSection(SolutionProperties) = preSolution
		HideSolutionNode = FALSE
	EndGlobalSection
	GlobalSection(ExtensibilityGlobals) = postSolution
		SolutionGuid = {6AD2930E-051B-437A-B78A-0C4E18EB9653}
	EndGlobalSection
EndGlobal
